
Microsoft Visual Studio Solution File, Format Version 12.00
# Visual Studio 14
VisualStudioVersion = 14.0.25420.1
MinimumVisualStudioVersion = 10.0.40219.1
Project("{8BC9CEB8-8B4A-11D0-8D11-00A0C91BC942}") = "tsu", "tsu\tsu.vcxproj", "{42732C60-A0EE-45C8-B6A0-A321B7F7E647}"
EndProject
Project("{8BC9CEB8-8B4A-11D0-8D11-00A0C91BC942}") = "bitmapedit", "bitmapedit\bitmapedit.vcxproj", "{DDC41F64-BB4B-4645-A808-6C192DBAC4F4}"
EndProject
Project("{8BC9CEB8-8B4A-11D0-8D11-00A0C91BC942}") = "csv2bmp", "csv2bmp\csv2bmp.vcxproj", "{511BD662-E035-4100-94EA-10B67CC5B921}"
EndProject
Project("{8BC9CEB8-8B4A-11D0-8D11-00A0C91BC942}") = "konseki", "konseki\konseki.vcxproj", "{EE2444E1-B533-4830-BF5F-77241E54DAA4}"
EndProject
Project("{8BC9CEB8-8B4A-11D0-8D11-00A0C91BC942}") = "reindex", "reindex\reindex.vcxproj", "{202F08D9-7575-4651-ACDE-84AFFA1D1C34}"
EndProject
Project("{8BC9CEB8-8B4A-11D0-8D11-00A0C91BC942}") = "faultDefromationSolv", "genInitialWave\genInitialWave.vcxproj", "{72607A86-05D4-476E-9663-F81066BEFF0D}"
EndProject
Project("{8BC9CEB8-8B4A-11D0-8D11-00A0C91BC942}") = "bmp2csv", "bmp2csv\bmp2csv.vcxproj", "{86FA2939-4438-4AA5-AD75-A2B23020E336}"
EndProject
Project("{8BC9CEB8-8B4A-11D0-8D11-00A0C91BC942}") = "OBJConvFormat", "ConvFormat\ConvFormat\ConvFormat.vcxproj", "{0C24F329-00D8-4088-B91C-AFB004B35CF4}"
EndProject
Project("{8BC9CEB8-8B4A-11D0-8D11-00A0C91BC942}") = "mstepchg", "mstepchg\mstepchg.vcxproj", "{34D841DB-229F-4109-8156-4B70B3B1862F}"
EndProject
Project("{8BC9CEB8-8B4A-11D0-8D11-00A0C91BC942}") = "makePlot", "makePlot\makePlot\makePlot.vcxproj", "{0BD66E57-539F-4CF1-AF8B-A1CA1E2F449A}"
EndProject
Global
	GlobalSection(SolutionConfigurationPlatforms) = preSolution
		Debug|ARM = Debug|ARM
		Debug|Mixed Platforms = Debug|Mixed Platforms
		Debug|Win32 = Debug|Win32
		Debug|x64 = Debug|x64
		gpu_float|ARM = gpu_float|ARM
		gpu_float|Mixed Platforms = gpu_float|Mixed Platforms
		gpu_float|Win32 = gpu_float|Win32
		gpu_float|x64 = gpu_float|x64
		gpu|ARM = gpu|ARM
		gpu|Mixed Platforms = gpu|Mixed Platforms
		gpu|Win32 = gpu|Win32
		gpu|x64 = gpu|x64
		Release|ARM = Release|ARM
		Release|Mixed Platforms = Release|Mixed Platforms
		Release|Win32 = Release|Win32
		Release|x64 = Release|x64
	EndGlobalSection
	GlobalSection(ProjectConfigurationPlatforms) = postSolution
		{42732C60-A0EE-45C8-B6A0-A321B7F7E647}.Debug|ARM.ActiveCfg = Debug|Win32
		{42732C60-A0EE-45C8-B6A0-A321B7F7E647}.Debug|Mixed Platforms.ActiveCfg = Debug|Win32
		{42732C60-A0EE-45C8-B6A0-A321B7F7E647}.Debug|Mixed Platforms.Build.0 = Debug|Win32
		{42732C60-A0EE-45C8-B6A0-A321B7F7E647}.Debug|Win32.ActiveCfg = Debug|Win32
		{42732C60-A0EE-45C8-B6A0-A321B7F7E647}.Debug|Win32.Build.0 = Debug|Win32
		{42732C60-A0EE-45C8-B6A0-A321B7F7E647}.Debug|x64.ActiveCfg = Debug|Win32
		{42732C60-A0EE-45C8-B6A0-A321B7F7E647}.Debug|x64.Build.0 = Debug|Win32
		{42732C60-A0EE-45C8-B6A0-A321B7F7E647}.gpu_float|ARM.ActiveCfg = Debug|x64
		{42732C60-A0EE-45C8-B6A0-A321B7F7E647}.gpu_float|ARM.Build.0 = Debug|x64
		{42732C60-A0EE-45C8-B6A0-A321B7F7E647}.gpu_float|Mixed Platforms.ActiveCfg = Release|Win32
		{42732C60-A0EE-45C8-B6A0-A321B7F7E647}.gpu_float|Mixed Platforms.Build.0 = Release|Win32
		{42732C60-A0EE-45C8-B6A0-A321B7F7E647}.gpu_float|Win32.ActiveCfg = Release|Win32
		{42732C60-A0EE-45C8-B6A0-A321B7F7E647}.gpu_float|Win32.Build.0 = Release|Win32
		{42732C60-A0EE-45C8-B6A0-A321B7F7E647}.gpu_float|x64.ActiveCfg = Debug|x64
		{42732C60-A0EE-45C8-B6A0-A321B7F7E647}.gpu_float|x64.Build.0 = Debug|x64
		{42732C60-A0EE-45C8-B6A0-A321B7F7E647}.gpu|ARM.ActiveCfg = Debug|x64
		{42732C60-A0EE-45C8-B6A0-A321B7F7E647}.gpu|ARM.Build.0 = Debug|x64
		{42732C60-A0EE-45C8-B6A0-A321B7F7E647}.gpu|Mixed Platforms.ActiveCfg = Release|Win32
		{42732C60-A0EE-45C8-B6A0-A321B7F7E647}.gpu|Mixed Platforms.Build.0 = Release|Win32
		{42732C60-A0EE-45C8-B6A0-A321B7F7E647}.gpu|Win32.ActiveCfg = Release|Win32
		{42732C60-A0EE-45C8-B6A0-A321B7F7E647}.gpu|Win32.Build.0 = Release|Win32
		{42732C60-A0EE-45C8-B6A0-A321B7F7E647}.gpu|x64.ActiveCfg = Debug|x64
		{42732C60-A0EE-45C8-B6A0-A321B7F7E647}.gpu|x64.Build.0 = Debug|x64
		{42732C60-A0EE-45C8-B6A0-A321B7F7E647}.Release|ARM.ActiveCfg = Release|Win32
		{42732C60-A0EE-45C8-B6A0-A321B7F7E647}.Release|Mixed Platforms.ActiveCfg = Release|Win32
		{42732C60-A0EE-45C8-B6A0-A321B7F7E647}.Release|Mixed Platforms.Build.0 = Release|Win32
		{42732C60-A0EE-45C8-B6A0-A321B7F7E647}.Release|Win32.ActiveCfg = Release|Win32
		{42732C60-A0EE-45C8-B6A0-A321B7F7E647}.Release|Win32.Build.0 = Release|Win32
		{42732C60-A0EE-45C8-B6A0-A321B7F7E647}.Release|x64.ActiveCfg = Release|x64
		{42732C60-A0EE-45C8-B6A0-A321B7F7E647}.Release|x64.Build.0 = Release|x64
		{DDC41F64-BB4B-4645-A808-6C192DBAC4F4}.Debug|ARM.ActiveCfg = Debug|Win32
		{DDC41F64-BB4B-4645-A808-6C192DBAC4F4}.Debug|Mixed Platforms.ActiveCfg = Debug|Win32
		{DDC41F64-BB4B-4645-A808-6C192DBAC4F4}.Debug|Mixed Platforms.Build.0 = Debug|Win32
		{DDC41F64-BB4B-4645-A808-6C192DBAC4F4}.Debug|Win32.ActiveCfg = Debug|Win32
		{DDC41F64-BB4B-4645-A808-6C192DBAC4F4}.Debug|Win32.Build.0 = Debug|Win32
		{DDC41F64-BB4B-4645-A808-6C192DBAC4F4}.Debug|x64.ActiveCfg = Debug|Win32
		{DDC41F64-BB4B-4645-A808-6C192DBAC4F4}.Debug|x64.Build.0 = Debug|Win32
		{DDC41F64-BB4B-4645-A808-6C192DBAC4F4}.gpu_float|ARM.ActiveCfg = Debug|x64
		{DDC41F64-BB4B-4645-A808-6C192DBAC4F4}.gpu_float|ARM.Build.0 = Debug|x64
		{DDC41F64-BB4B-4645-A808-6C192DBAC4F4}.gpu_float|Mixed Platforms.ActiveCfg = Release|Win32
		{DDC41F64-BB4B-4645-A808-6C192DBAC4F4}.gpu_float|Mixed Platforms.Build.0 = Release|Win32
		{DDC41F64-BB4B-4645-A808-6C192DBAC4F4}.gpu_float|Win32.ActiveCfg = Release|Win32
		{DDC41F64-BB4B-4645-A808-6C192DBAC4F4}.gpu_float|Win32.Build.0 = Release|Win32
		{DDC41F64-BB4B-4645-A808-6C192DBAC4F4}.gpu_float|x64.ActiveCfg = Debug|x64
		{DDC41F64-BB4B-4645-A808-6C192DBAC4F4}.gpu_float|x64.Build.0 = Debug|x64
		{DDC41F64-BB4B-4645-A808-6C192DBAC4F4}.gpu|ARM.ActiveCfg = Debug|x64
		{DDC41F64-BB4B-4645-A808-6C192DBAC4F4}.gpu|ARM.Build.0 = Debug|x64
		{DDC41F64-BB4B-4645-A808-6C192DBAC4F4}.gpu|Mixed Platforms.ActiveCfg = Release|Win32
		{DDC41F64-BB4B-4645-A808-6C192DBAC4F4}.gpu|Mixed Platforms.Build.0 = Release|Win32
		{DDC41F64-BB4B-4645-A808-6C192DBAC4F4}.gpu|Win32.ActiveCfg = Release|Win32
		{DDC41F64-BB4B-4645-A808-6C192DBAC4F4}.gpu|Win32.Build.0 = Release|Win32
		{DDC41F64-BB4B-4645-A808-6C192DBAC4F4}.gpu|x64.ActiveCfg = Debug|x64
		{DDC41F64-BB4B-4645-A808-6C192DBAC4F4}.gpu|x64.Build.0 = Debug|x64
		{DDC41F64-BB4B-4645-A808-6C192DBAC4F4}.Release|ARM.ActiveCfg = Release|Win32
		{DDC41F64-BB4B-4645-A808-6C192DBAC4F4}.Release|Mixed Platforms.ActiveCfg = Release|Win32
		{DDC41F64-BB4B-4645-A808-6C192DBAC4F4}.Release|Mixed Platforms.Build.0 = Release|Win32
		{DDC41F64-BB4B-4645-A808-6C192DBAC4F4}.Release|Win32.ActiveCfg = Release|Win32
		{DDC41F64-BB4B-4645-A808-6C192DBAC4F4}.Release|Win32.Build.0 = Release|Win32
		{DDC41F64-BB4B-4645-A808-6C192DBAC4F4}.Release|x64.ActiveCfg = Release|x64
		{DDC41F64-BB4B-4645-A808-6C192DBAC4F4}.Release|x64.Build.0 = Release|x64
		{511BD662-E035-4100-94EA-10B67CC5B921}.Debug|ARM.ActiveCfg = Debug|Win32
		{511BD662-E035-4100-94EA-10B67CC5B921}.Debug|Mixed Platforms.ActiveCfg = Debug|Win32
		{511BD662-E035-4100-94EA-10B67CC5B921}.Debug|Mixed Platforms.Build.0 = Debug|Win32
		{511BD662-E035-4100-94EA-10B67CC5B921}.Debug|Win32.ActiveCfg = Debug|Win32
		{511BD662-E035-4100-94EA-10B67CC5B921}.Debug|Win32.Build.0 = Debug|Win32
		{511BD662-E035-4100-94EA-10B67CC5B921}.Debug|x64.ActiveCfg = Debug|Win32
		{511BD662-E035-4100-94EA-10B67CC5B921}.Debug|x64.Build.0 = Debug|Win32
		{511BD662-E035-4100-94EA-10B67CC5B921}.gpu_float|ARM.ActiveCfg = Debug|x64
		{511BD662-E035-4100-94EA-10B67CC5B921}.gpu_float|ARM.Build.0 = Debug|x64
		{511BD662-E035-4100-94EA-10B67CC5B921}.gpu_float|Mixed Platforms.ActiveCfg = Release|Win32
		{511BD662-E035-4100-94EA-10B67CC5B921}.gpu_float|Mixed Platforms.Build.0 = Release|Win32
		{511BD662-E035-4100-94EA-10B67CC5B921}.gpu_float|Win32.ActiveCfg = Release|Win32
		{511BD662-E035-4100-94EA-10B67CC5B921}.gpu_float|Win32.Build.0 = Release|Win32
		{511BD662-E035-4100-94EA-10B67CC5B921}.gpu_float|x64.ActiveCfg = Debug|x64
		{511BD662-E035-4100-94EA-10B67CC5B921}.gpu_float|x64.Build.0 = Debug|x64
		{511BD662-E035-4100-94EA-10B67CC5B921}.gpu|ARM.ActiveCfg = Debug|x64
		{511BD662-E035-4100-94EA-10B67CC5B921}.gpu|ARM.Build.0 = Debug|x64
		{511BD662-E035-4100-94EA-10B67CC5B921}.gpu|Mixed Platforms.ActiveCfg = Release|Win32
		{511BD662-E035-4100-94EA-10B67CC5B921}.gpu|Mixed Platforms.Build.0 = Release|Win32
		{511BD662-E035-4100-94EA-10B67CC5B921}.gpu|Win32.ActiveCfg = Release|Win32
		{511BD662-E035-4100-94EA-10B67CC5B921}.gpu|Win32.Build.0 = Release|Win32
		{511BD662-E035-4100-94EA-10B67CC5B921}.gpu|x64.ActiveCfg = Debug|x64
		{511BD662-E035-4100-94EA-10B67CC5B921}.gpu|x64.Build.0 = Debug|x64
		{511BD662-E035-4100-94EA-10B67CC5B921}.Release|ARM.ActiveCfg = Release|Win32
		{511BD662-E035-4100-94EA-10B67CC5B921}.Release|Mixed Platforms.ActiveCfg = Release|Win32
		{511BD662-E035-4100-94EA-10B67CC5B921}.Release|Mixed Platforms.Build.0 = Release|Win32
		{511BD662-E035-4100-94EA-10B67CC5B921}.Release|Win32.ActiveCfg = Release|Win32
		{511BD662-E035-4100-94EA-10B67CC5B921}.Release|Win32.Build.0 = Release|Win32
		{511BD662-E035-4100-94EA-10B67CC5B921}.Release|x64.ActiveCfg = Release|x64
		{511BD662-E035-4100-94EA-10B67CC5B921}.Release|x64.Build.0 = Release|x64
		{EE2444E1-B533-4830-BF5F-77241E54DAA4}.Debug|ARM.ActiveCfg = Debug|Win32
		{EE2444E1-B533-4830-BF5F-77241E54DAA4}.Debug|Mixed Platforms.ActiveCfg = Debug|Win32
		{EE2444E1-B533-4830-BF5F-77241E54DAA4}.Debug|Mixed Platforms.Build.0 = Debug|Win32
		{EE2444E1-B533-4830-BF5F-77241E54DAA4}.Debug|Win32.ActiveCfg = Debug|Win32
		{EE2444E1-B533-4830-BF5F-77241E54DAA4}.Debug|Win32.Build.0 = Debug|Win32
		{EE2444E1-B533-4830-BF5F-77241E54DAA4}.Debug|x64.ActiveCfg = Debug|Win32
		{EE2444E1-B533-4830-BF5F-77241E54DAA4}.Debug|x64.Build.0 = Debug|Win32
		{EE2444E1-B533-4830-BF5F-77241E54DAA4}.gpu_float|ARM.ActiveCfg = Debug|x64
		{EE2444E1-B533-4830-BF5F-77241E54DAA4}.gpu_float|ARM.Build.0 = Debug|x64
		{EE2444E1-B533-4830-BF5F-77241E54DAA4}.gpu_float|Mixed Platforms.ActiveCfg = Release|Win32
		{EE2444E1-B533-4830-BF5F-77241E54DAA4}.gpu_float|Mixed Platforms.Build.0 = Release|Win32
		{EE2444E1-B533-4830-BF5F-77241E54DAA4}.gpu_float|Win32.ActiveCfg = Release|Win32
		{EE2444E1-B533-4830-BF5F-77241E54DAA4}.gpu_float|Win32.Build.0 = Release|Win32
		{EE2444E1-B533-4830-BF5F-77241E54DAA4}.gpu_float|x64.ActiveCfg = Debug|x64
		{EE2444E1-B533-4830-BF5F-77241E54DAA4}.gpu_float|x64.Build.0 = Debug|x64
		{EE2444E1-B533-4830-BF5F-77241E54DAA4}.gpu|ARM.ActiveCfg = Debug|x64
		{EE2444E1-B533-4830-BF5F-77241E54DAA4}.gpu|ARM.Build.0 = Debug|x64
		{EE2444E1-B533-4830-BF5F-77241E54DAA4}.gpu|Mixed Platforms.ActiveCfg = Release|Win32
		{EE2444E1-B533-4830-BF5F-77241E54DAA4}.gpu|Mixed Platforms.Build.0 = Release|Win32
		{EE2444E1-B533-4830-BF5F-77241E54DAA4}.gpu|Win32.ActiveCfg = Release|Win32
		{EE2444E1-B533-4830-BF5F-77241E54DAA4}.gpu|Win32.Build.0 = Release|Win32
		{EE2444E1-B533-4830-BF5F-77241E54DAA4}.gpu|x64.ActiveCfg = Debug|x64
		{EE2444E1-B533-4830-BF5F-77241E54DAA4}.gpu|x64.Build.0 = Debug|x64
		{EE2444E1-B533-4830-BF5F-77241E54DAA4}.Release|ARM.ActiveCfg = Release|Win32
		{EE2444E1-B533-4830-BF5F-77241E54DAA4}.Release|Mixed Platforms.ActiveCfg = Release|Win32
		{EE2444E1-B533-4830-BF5F-77241E54DAA4}.Release|Mixed Platforms.Build.0 = Release|Win32
		{EE2444E1-B533-4830-BF5F-77241E54DAA4}.Release|Win32.ActiveCfg = Release|Win32
		{EE2444E1-B533-4830-BF5F-77241E54DAA4}.Release|Win32.Build.0 = Release|Win32
		{EE2444E1-B533-4830-BF5F-77241E54DAA4}.Release|x64.ActiveCfg = Release|x64
		{EE2444E1-B533-4830-BF5F-77241E54DAA4}.Release|x64.Build.0 = Release|x64
		{202F08D9-7575-4651-ACDE-84AFFA1D1C34}.Debug|ARM.ActiveCfg = Debug|Win32
		{202F08D9-7575-4651-ACDE-84AFFA1D1C34}.Debug|Mixed Platforms.ActiveCfg = Debug|Win32
		{202F08D9-7575-4651-ACDE-84AFFA1D1C34}.Debug|Mixed Platforms.Build.0 = Debug|Win32
		{202F08D9-7575-4651-ACDE-84AFFA1D1C34}.Debug|Win32.ActiveCfg = Debug|Win32
		{202F08D9-7575-4651-ACDE-84AFFA1D1C34}.Debug|Win32.Build.0 = Debug|Win32
		{202F08D9-7575-4651-ACDE-84AFFA1D1C34}.Debug|x64.ActiveCfg = Debug|Win32
		{202F08D9-7575-4651-ACDE-84AFFA1D1C34}.Debug|x64.Build.0 = Debug|Win32
		{202F08D9-7575-4651-ACDE-84AFFA1D1C34}.gpu_float|ARM.ActiveCfg = Debug|x64
		{202F08D9-7575-4651-ACDE-84AFFA1D1C34}.gpu_float|ARM.Build.0 = Debug|x64
		{202F08D9-7575-4651-ACDE-84AFFA1D1C34}.gpu_float|Mixed Platforms.ActiveCfg = Release|Win32
		{202F08D9-7575-4651-ACDE-84AFFA1D1C34}.gpu_float|Mixed Platforms.Build.0 = Release|Win32
		{202F08D9-7575-4651-ACDE-84AFFA1D1C34}.gpu_float|Win32.ActiveCfg = Release|Win32
		{202F08D9-7575-4651-ACDE-84AFFA1D1C34}.gpu_float|Win32.Build.0 = Release|Win32
		{202F08D9-7575-4651-ACDE-84AFFA1D1C34}.gpu_float|x64.ActiveCfg = Debug|x64
		{202F08D9-7575-4651-ACDE-84AFFA1D1C34}.gpu_float|x64.Build.0 = Debug|x64
		{202F08D9-7575-4651-ACDE-84AFFA1D1C34}.gpu|ARM.ActiveCfg = Debug|x64
		{202F08D9-7575-4651-ACDE-84AFFA1D1C34}.gpu|ARM.Build.0 = Debug|x64
		{202F08D9-7575-4651-ACDE-84AFFA1D1C34}.gpu|Mixed Platforms.ActiveCfg = Release|Win32
		{202F08D9-7575-4651-ACDE-84AFFA1D1C34}.gpu|Mixed Platforms.Build.0 = Release|Win32
		{202F08D9-7575-4651-ACDE-84AFFA1D1C34}.gpu|Win32.ActiveCfg = Release|Win32
		{202F08D9-7575-4651-ACDE-84AFFA1D1C34}.gpu|Win32.Build.0 = Release|Win32
		{202F08D9-7575-4651-ACDE-84AFFA1D1C34}.gpu|x64.ActiveCfg = Debug|x64
		{202F08D9-7575-4651-ACDE-84AFFA1D1C34}.gpu|x64.Build.0 = Debug|x64
		{202F08D9-7575-4651-ACDE-84AFFA1D1C34}.Release|ARM.ActiveCfg = Release|Win32
		{202F08D9-7575-4651-ACDE-84AFFA1D1C34}.Release|Mixed Platforms.ActiveCfg = Release|Win32
		{202F08D9-7575-4651-ACDE-84AFFA1D1C34}.Release|Mixed Platforms.Build.0 = Release|Win32
		{202F08D9-7575-4651-ACDE-84AFFA1D1C34}.Release|Win32.ActiveCfg = Release|Win32
		{202F08D9-7575-4651-ACDE-84AFFA1D1C34}.Release|Win32.Build.0 = Release|Win32
		{202F08D9-7575-4651-ACDE-84AFFA1D1C34}.Release|x64.ActiveCfg = Release|x64
		{202F08D9-7575-4651-ACDE-84AFFA1D1C34}.Release|x64.Build.0 = Release|x64
		{72607A86-05D4-476E-9663-F81066BEFF0D}.Debug|ARM.ActiveCfg = Debug|Win32
		{72607A86-05D4-476E-9663-F81066BEFF0D}.Debug|Mixed Platforms.ActiveCfg = Debug|Win32
		{72607A86-05D4-476E-9663-F81066BEFF0D}.Debug|Mixed Platforms.Build.0 = Debug|Win32
		{72607A86-05D4-476E-9663-F81066BEFF0D}.Debug|Win32.ActiveCfg = Debug|Win32
		{72607A86-05D4-476E-9663-F81066BEFF0D}.Debug|Win32.Build.0 = Debug|Win32
		{72607A86-05D4-476E-9663-F81066BEFF0D}.Debug|x64.ActiveCfg = Debug|Win32
		{72607A86-05D4-476E-9663-F81066BEFF0D}.Debug|x64.Build.0 = Debug|Win32
		{72607A86-05D4-476E-9663-F81066BEFF0D}.gpu_float|ARM.ActiveCfg = gpu_float|Win32
		{72607A86-05D4-476E-9663-F81066BEFF0D}.gpu_float|Mixed Platforms.ActiveCfg = gpu_float|Win32
		{72607A86-05D4-476E-9663-F81066BEFF0D}.gpu_float|Mixed Platforms.Build.0 = gpu_float|Win32
		{72607A86-05D4-476E-9663-F81066BEFF0D}.gpu_float|Win32.ActiveCfg = gpu_float|Win32
		{72607A86-05D4-476E-9663-F81066BEFF0D}.gpu_float|Win32.Build.0 = gpu_float|Win32
		{72607A86-05D4-476E-9663-F81066BEFF0D}.gpu_float|x64.ActiveCfg = gpu_float|x64
		{72607A86-05D4-476E-9663-F81066BEFF0D}.gpu_float|x64.Build.0 = gpu_float|x64
		{72607A86-05D4-476E-9663-F81066BEFF0D}.gpu|ARM.ActiveCfg = gpu|Win32
		{72607A86-05D4-476E-9663-F81066BEFF0D}.gpu|Mixed Platforms.ActiveCfg = gpu|Win32
		{72607A86-05D4-476E-9663-F81066BEFF0D}.gpu|Mixed Platforms.Build.0 = gpu|Win32
		{72607A86-05D4-476E-9663-F81066BEFF0D}.gpu|Win32.ActiveCfg = gpu|Win32
		{72607A86-05D4-476E-9663-F81066BEFF0D}.gpu|Win32.Build.0 = gpu|Win32
		{72607A86-05D4-476E-9663-F81066BEFF0D}.gpu|x64.ActiveCfg = gpu|x64
		{72607A86-05D4-476E-9663-F81066BEFF0D}.gpu|x64.Build.0 = gpu|x64
		{72607A86-05D4-476E-9663-F81066BEFF0D}.Release|ARM.ActiveCfg = Release|Win32
		{72607A86-05D4-476E-9663-F81066BEFF0D}.Release|Mixed Platforms.ActiveCfg = Release|Win32
		{72607A86-05D4-476E-9663-F81066BEFF0D}.Release|Mixed Platforms.Build.0 = Release|Win32
		{72607A86-05D4-476E-9663-F81066BEFF0D}.Release|Win32.ActiveCfg = Release|Win32
		{72607A86-05D4-476E-9663-F81066BEFF0D}.Release|Win32.Build.0 = Release|Win32
		{72607A86-05D4-476E-9663-F81066BEFF0D}.Release|x64.ActiveCfg = Release|x64
		{72607A86-05D4-476E-9663-F81066BEFF0D}.Release|x64.Build.0 = Release|x64
		{86FA2939-4438-4AA5-AD75-A2B23020E336}.Debug|ARM.ActiveCfg = Debug|Win32
		{86FA2939-4438-4AA5-AD75-A2B23020E336}.Debug|Mixed Platforms.ActiveCfg = Debug|Win32
		{86FA2939-4438-4AA5-AD75-A2B23020E336}.Debug|Mixed Platforms.Build.0 = Debug|Win32
		{86FA2939-4438-4AA5-AD75-A2B23020E336}.Debug|Win32.ActiveCfg = Debug|Win32
		{86FA2939-4438-4AA5-AD75-A2B23020E336}.Debug|Win32.Build.0 = Debug|Win32
		{86FA2939-4438-4AA5-AD75-A2B23020E336}.Debug|x64.ActiveCfg = Debug|Win32
		{86FA2939-4438-4AA5-AD75-A2B23020E336}.gpu_float|ARM.ActiveCfg = Debug|x64
		{86FA2939-4438-4AA5-AD75-A2B23020E336}.gpu_float|ARM.Build.0 = Debug|x64
		{86FA2939-4438-4AA5-AD75-A2B23020E336}.gpu_float|Mixed Platforms.ActiveCfg = Release|Win32
		{86FA2939-4438-4AA5-AD75-A2B23020E336}.gpu_float|Mixed Platforms.Build.0 = Release|Win32
		{86FA2939-4438-4AA5-AD75-A2B23020E336}.gpu_float|Win32.ActiveCfg = Release|Win32
		{86FA2939-4438-4AA5-AD75-A2B23020E336}.gpu_float|Win32.Build.0 = Release|Win32
		{86FA2939-4438-4AA5-AD75-A2B23020E336}.gpu_float|x64.ActiveCfg = Debug|x64
		{86FA2939-4438-4AA5-AD75-A2B23020E336}.gpu_float|x64.Build.0 = Debug|x64
		{86FA2939-4438-4AA5-AD75-A2B23020E336}.gpu|ARM.ActiveCfg = Debug|x64
		{86FA2939-4438-4AA5-AD75-A2B23020E336}.gpu|ARM.Build.0 = Debug|x64
		{86FA2939-4438-4AA5-AD75-A2B23020E336}.gpu|Mixed Platforms.ActiveCfg = Release|Win32
		{86FA2939-4438-4AA5-AD75-A2B23020E336}.gpu|Mixed Platforms.Build.0 = Release|Win32
		{86FA2939-4438-4AA5-AD75-A2B23020E336}.gpu|Win32.ActiveCfg = Release|Win32
		{86FA2939-4438-4AA5-AD75-A2B23020E336}.gpu|Win32.Build.0 = Release|Win32
		{86FA2939-4438-4AA5-AD75-A2B23020E336}.gpu|x64.ActiveCfg = Debug|x64
		{86FA2939-4438-4AA5-AD75-A2B23020E336}.gpu|x64.Build.0 = Debug|x64
		{86FA2939-4438-4AA5-AD75-A2B23020E336}.Release|ARM.ActiveCfg = Release|Win32
		{86FA2939-4438-4AA5-AD75-A2B23020E336}.Release|Mixed Platforms.ActiveCfg = Release|Win32
		{86FA2939-4438-4AA5-AD75-A2B23020E336}.Release|Mixed Platforms.Build.0 = Release|Win32
		{86FA2939-4438-4AA5-AD75-A2B23020E336}.Release|Win32.ActiveCfg = Release|Win32
		{86FA2939-4438-4AA5-AD75-A2B23020E336}.Release|Win32.Build.0 = Release|Win32
		{86FA2939-4438-4AA5-AD75-A2B23020E336}.Release|x64.ActiveCfg = Release|x64
		{86FA2939-4438-4AA5-AD75-A2B23020E336}.Release|x64.Build.0 = Release|x64
		{0C24F329-00D8-4088-B91C-AFB004B35CF4}.Debug|ARM.ActiveCfg = Debug|Win32
		{0C24F329-00D8-4088-B91C-AFB004B35CF4}.Debug|Mixed Platforms.ActiveCfg = Debug|Win32
		{0C24F329-00D8-4088-B91C-AFB004B35CF4}.Debug|Mixed Platforms.Build.0 = Debug|Win32
		{0C24F329-00D8-4088-B91C-AFB004B35CF4}.Debug|Win32.ActiveCfg = Debug|Win32
		{0C24F329-00D8-4088-B91C-AFB004B35CF4}.Debug|Win32.Build.0 = Debug|Win32
		{0C24F329-00D8-4088-B91C-AFB004B35CF4}.Debug|x64.ActiveCfg = Debug|x64
		{0C24F329-00D8-4088-B91C-AFB004B35CF4}.Debug|x64.Build.0 = Debug|x64
		{0C24F329-00D8-4088-B91C-AFB004B35CF4}.gpu_float|ARM.ActiveCfg = Release|x64
		{0C24F329-00D8-4088-B91C-AFB004B35CF4}.gpu_float|ARM.Build.0 = Release|x64
		{0C24F329-00D8-4088-B91C-AFB004B35CF4}.gpu_float|Mixed Platforms.ActiveCfg = Release|Win32
		{0C24F329-00D8-4088-B91C-AFB004B35CF4}.gpu_float|Mixed Platforms.Build.0 = Release|Win32
		{0C24F329-00D8-4088-B91C-AFB004B35CF4}.gpu_float|Win32.ActiveCfg = Release|Win32
		{0C24F329-00D8-4088-B91C-AFB004B35CF4}.gpu_float|Win32.Build.0 = Release|Win32
		{0C24F329-00D8-4088-B91C-AFB004B35CF4}.gpu_float|x64.ActiveCfg = Release|x64
		{0C24F329-00D8-4088-B91C-AFB004B35CF4}.gpu_float|x64.Build.0 = Release|x64
		{0C24F329-00D8-4088-B91C-AFB004B35CF4}.gpu|ARM.ActiveCfg = Release|x64
		{0C24F329-00D8-4088-B91C-AFB004B35CF4}.gpu|ARM.Build.0 = Release|x64
		{0C24F329-00D8-4088-B91C-AFB004B35CF4}.gpu|Mixed Platforms.ActiveCfg = Release|Win32
		{0C24F329-00D8-4088-B91C-AFB004B35CF4}.gpu|Mixed Platforms.Build.0 = Release|Win32
		{0C24F329-00D8-4088-B91C-AFB004B35CF4}.gpu|Win32.ActiveCfg = Release|Win32
		{0C24F329-00D8-4088-B91C-AFB004B35CF4}.gpu|Win32.Build.0 = Release|Win32
		{0C24F329-00D8-4088-B91C-AFB004B35CF4}.gpu|x64.ActiveCfg = Release|x64
		{0C24F329-00D8-4088-B91C-AFB004B35CF4}.gpu|x64.Build.0 = Release|x64
		{0C24F329-00D8-4088-B91C-AFB004B35CF4}.Release|ARM.ActiveCfg = Release|Win32
		{0C24F329-00D8-4088-B91C-AFB004B35CF4}.Release|Mixed Platforms.ActiveCfg = Release|Win32
		{0C24F329-00D8-4088-B91C-AFB004B35CF4}.Release|Mixed Platforms.Build.0 = Release|Win32
		{0C24F329-00D8-4088-B91C-AFB004B35CF4}.Release|Win32.ActiveCfg = Release|Win32
		{0C24F329-00D8-4088-B91C-AFB004B35CF4}.Release|Win32.Build.0 = Release|Win32
		{0C24F329-00D8-4088-B91C-AFB004B35CF4}.Release|x64.ActiveCfg = Release|x64
		{0C24F329-00D8-4088-B91C-AFB004B35CF4}.Release|x64.Build.0 = Release|x64
		{34D841DB-229F-4109-8156-4B70B3B1862F}.Debug|ARM.ActiveCfg = Debug|Win32
		{34D841DB-229F-4109-8156-4B70B3B1862F}.Debug|Mixed Platforms.ActiveCfg = Debug|Win32
		{34D841DB-229F-4109-8156-4B70B3B1862F}.Debug|Mixed Platforms.Build.0 = Debug|Win32
		{34D841DB-229F-4109-8156-4B70B3B1862F}.Debug|Win32.ActiveCfg = Debug|Win32
		{34D841DB-229F-4109-8156-4B70B3B1862F}.Debug|Win32.Build.0 = Debug|Win32
		{34D841DB-229F-4109-8156-4B70B3B1862F}.Debug|x64.ActiveCfg = Debug|Win32
		{34D841DB-229F-4109-8156-4B70B3B1862F}.gpu_float|ARM.ActiveCfg = Release|Win32
		{34D841DB-229F-4109-8156-4B70B3B1862F}.gpu_float|ARM.Build.0 = Release|Win32
		{34D841DB-229F-4109-8156-4B70B3B1862F}.gpu_float|Mixed Platforms.ActiveCfg = Release|Win32
		{34D841DB-229F-4109-8156-4B70B3B1862F}.gpu_float|Mixed Platforms.Build.0 = Release|Win32
		{34D841DB-229F-4109-8156-4B70B3B1862F}.gpu_float|Win32.ActiveCfg = Release|Win32
		{34D841DB-229F-4109-8156-4B70B3B1862F}.gpu_float|Win32.Build.0 = Release|Win32
		{34D841DB-229F-4109-8156-4B70B3B1862F}.gpu_float|x64.ActiveCfg = Release|Win32
		{34D841DB-229F-4109-8156-4B70B3B1862F}.gpu_float|x64.Build.0 = Release|Win32
		{34D841DB-229F-4109-8156-4B70B3B1862F}.gpu|ARM.ActiveCfg = Release|Win32
		{34D841DB-229F-4109-8156-4B70B3B1862F}.gpu|ARM.Build.0 = Release|Win32
		{34D841DB-229F-4109-8156-4B70B3B1862F}.gpu|Mixed Platforms.ActiveCfg = Release|Win32
		{34D841DB-229F-4109-8156-4B70B3B1862F}.gpu|Mixed Platforms.Build.0 = Release|Win32
		{34D841DB-229F-4109-8156-4B70B3B1862F}.gpu|Win32.ActiveCfg = Release|Win32
		{34D841DB-229F-4109-8156-4B70B3B1862F}.gpu|Win32.Build.0 = Release|Win32
		{34D841DB-229F-4109-8156-4B70B3B1862F}.gpu|x64.ActiveCfg = Release|Win32
		{34D841DB-229F-4109-8156-4B70B3B1862F}.gpu|x64.Build.0 = Release|Win32
		{34D841DB-229F-4109-8156-4B70B3B1862F}.Release|ARM.ActiveCfg = Release|Win32
		{34D841DB-229F-4109-8156-4B70B3B1862F}.Release|Mixed Platforms.ActiveCfg = Release|Win32
		{34D841DB-229F-4109-8156-4B70B3B1862F}.Release|Mixed Platforms.Build.0 = Release|Win32
		{34D841DB-229F-4109-8156-4B70B3B1862F}.Release|Win32.ActiveCfg = Release|Win32
		{34D841DB-229F-4109-8156-4B70B3B1862F}.Release|Win32.Build.0 = Release|Win32
		{34D841DB-229F-4109-8156-4B70B3B1862F}.Release|x64.ActiveCfg = Release|Win32
		{0BD66E57-539F-4CF1-AF8B-A1CA1E2F449A}.Debug|ARM.ActiveCfg = Debug|Win32
		{0BD66E57-539F-4CF1-AF8B-A1CA1E2F449A}.Debug|Mixed Platforms.ActiveCfg = Debug|Win32
		{0BD66E57-539F-4CF1-AF8B-A1CA1E2F449A}.Debug|Mixed Platforms.Build.0 = Debug|Win32
		{0BD66E57-539F-4CF1-AF8B-A1CA1E2F449A}.Debug|Win32.ActiveCfg = Debug|Win32
		{0BD66E57-539F-4CF1-AF8B-A1CA1E2F449A}.Debug|Win32.Build.0 = Debug|Win32
		{0BD66E57-539F-4CF1-AF8B-A1CA1E2F449A}.Debug|x64.ActiveCfg = Debug|Win32
		{0BD66E57-539F-4CF1-AF8B-A1CA1E2F449A}.gpu_float|ARM.ActiveCfg = Debug|x64
		{0BD66E57-539F-4CF1-AF8B-A1CA1E2F449A}.gpu_float|ARM.Build.0 = Debug|x64
		{0BD66E57-539F-4CF1-AF8B-A1CA1E2F449A}.gpu_float|Mixed Platforms.ActiveCfg = Release|Win32
		{0BD66E57-539F-4CF1-AF8B-A1CA1E2F449A}.gpu_float|Mixed Platforms.Build.0 = Release|Win32
		{0BD66E57-539F-4CF1-AF8B-A1CA1E2F449A}.gpu_float|Win32.ActiveCfg = Release|Win32
		{0BD66E57-539F-4CF1-AF8B-A1CA1E2F449A}.gpu_float|Win32.Build.0 = Release|Win32
		{0BD66E57-539F-4CF1-AF8B-A1CA1E2F449A}.gpu_float|x64.ActiveCfg = Debug|x64
		{0BD66E57-539F-4CF1-AF8B-A1CA1E2F449A}.gpu_float|x64.Build.0 = Debug|x64
		{0BD66E57-539F-4CF1-AF8B-A1CA1E2F449A}.gpu|ARM.ActiveCfg = Debug|x64
		{0BD66E57-539F-4CF1-AF8B-A1CA1E2F449A}.gpu|ARM.Build.0 = Debug|x64
		{0BD66E57-539F-4CF1-AF8B-A1CA1E2F449A}.gpu|Mixed Platforms.ActiveCfg = Release|Win32
		{0BD66E57-539F-4CF1-AF8B-A1CA1E2F449A}.gpu|Mixed Platforms.Build.0 = Release|Win32
		{0BD66E57-539F-4CF1-AF8B-A1CA1E2F449A}.gpu|Win32.ActiveCfg = Release|Win32
		{0BD66E57-539F-4CF1-AF8B-A1CA1E2F449A}.gpu|Win32.Build.0 = Release|Win32
		{0BD66E57-539F-4CF1-AF8B-A1CA1E2F449A}.gpu|x64.ActiveCfg = Debug|x64
		{0BD66E57-539F-4CF1-AF8B-A1CA1E2F449A}.gpu|x64.Build.0 = Debug|x64
		{0BD66E57-539F-4CF1-AF8B-A1CA1E2F449A}.Release|ARM.ActiveCfg = Release|Win32
		{0BD66E57-539F-4CF1-AF8B-A1CA1E2F449A}.Release|Mixed Platforms.ActiveCfg = Release|Win32
		{0BD66E57-539F-4CF1-AF8B-A1CA1E2F449A}.Release|Mixed Platforms.Build.0 = Release|Win32
		{0BD66E57-539F-4CF1-AF8B-A1CA1E2F449A}.Release|Win32.ActiveCfg = Release|Win32
		{0BD66E57-539F-4CF1-AF8B-A1CA1E2F449A}.Release|Win32.Build.0 = Release|Win32
		{0BD66E57-539F-4CF1-AF8B-A1CA1E2F449A}.Release|x64.ActiveCfg = Release|x64
	EndGlobalSection
	GlobalSection(SolutionProperties) = preSolution
		HideSolutionNode = FALSE
	EndGlobalSection
EndGlobal
